
Microsoft Visual Studio Solution File, Format Version 12.00
# Visual Studio Version 16
VisualStudioVersion = 16.0.30503.244
MinimumVisualStudioVersion = 10.0.40219.1
Project("{2150E333-8FDC-42A3-9474-1A3956D46DE8}") = "src", "src", "{A6E5C364-E2FC-44B4-A630-099DA326D3AE}"
EndProject
Project("{2150E333-8FDC-42A3-9474-1A3956D46DE8}") = "Catalog", "Catalog", "{A45F31EF-B73D-4434-87BE-0DC8AD1950E2}"
EndProject
Project("{FAE04EC0-301F-11D3-BF4B-00C04F79EFBC}") = "Catalog.API", "src\catalog\Catalog.API\Catalog.API.csproj", "{D1E98C69-BA5B-406F-A77B-7319506BB4ED}"
EndProject
Project("{E53339B2-1760-4266-BCC7-CA923CBCF16C}") = "docker-compose", "docker-compose.dcproj", "{AC990B56-FEF4-428C-AD98-DD380C9EC42D}"
EndProject
Global
	GlobalSection(SolutionConfigurationPlatforms) = preSolution
		Debug|Any CPU = Debug|Any CPU
		Release|Any CPU = Release|Any CPU
	EndGlobalSection
	GlobalSection(ProjectConfigurationPlatforms) = postSolution
		{D1E98C69-BA5B-406F-A77B-7319506BB4ED}.Debug|Any CPU.ActiveCfg = Debug|Any CPU
		{D1E98C69-BA5B-406F-A77B-7319506BB4ED}.Debug|Any CPU.Build.0 = Debug|Any CPU
		{D1E98C69-BA5B-406F-A77B-7319506BB4ED}.Release|Any CPU.ActiveCfg = Release|Any CPU
		{D1E98C69-BA5B-406F-A77B-7319506BB4ED}.Release|Any CPU.Build.0 = Release|Any CPU
		{AC990B56-FEF4-428C-AD98-DD380C9EC42D}.Debug|Any CPU.ActiveCfg = Debug|Any CPU
		{AC990B56-FEF4-428C-AD98-DD380C9EC42D}.Debug|Any CPU.Build.0 = Debug|Any CPU
		{AC990B56-FEF4-428C-AD98-DD380C9EC42D}.Release|Any CPU.ActiveCfg = Release|Any CPU
		{AC990B56-FEF4-428C-AD98-DD380C9EC42D}.Release|Any CPU.Build.0 = Release|Any CPU
	EndGlobalSection
	GlobalSection(SolutionProperties) = preSolution
		HideSolutionNode = FALSE
	EndGlobalSection
	GlobalSection(NestedProjects) = preSolution
		{A45F31EF-B73D-4434-87BE-0DC8AD1950E2} = {A6E5C364-E2FC-44B4-A630-099DA326D3AE}
		{D1E98C69-BA5B-406F-A77B-7319506BB4ED} = {A45F31EF-B73D-4434-87BE-0DC8AD1950E2}
	EndGlobalSection
	GlobalSection(ExtensibilityGlobals) = postSolution
		SolutionGuid = {5D342417-7909-4376-B3B0-3AE1ABABC297}
	EndGlobalSection
EndGlobal
